{
  "name": "forward_aution",
  "version": "1.0.0",
  "lockfileVersion": 1,
  "requires": true,
  "dependencies": {
    "nsmarty": {
      "version": "0.0.1",
      "resolved": "https://registry.npmjs.org/nsmarty/-/nsmarty-0.0.1.tgz",
      "integrity": "sha1-U9P25EbIuHjiEB2/3+kifhi/hNQ="
    }
  }
}
